# This file is autogenerated, do not edit; changes may be undone by the next 'dep ensure'.


[[projects]]
  branch = "master"
  name = "github.com/99designs/httpsignatures-go"
  packages = ["."]
  revision = "88528bf4ca7e0268c559d30cfa8825208313b3c0"

[[projects]]
  name = "github.com/apex/gateway"
  packages = ["."]
  revision = "21c9971861be4e8be9352e7a2540710b0c46610f"
  version = "v1.1.1"

[[projects]]
  name = "github.com/aws/aws-lambda-go"
  packages = [
    "events",
    "lambda",
    "lambda/messages",
    "lambdacontext"
  ]
  revision = "2d482ef09017ae953b1e8d5a6ddac5b696663a3c"
  version = "v1.6.0"

[[projects]]
  name = "github.com/aws/aws-sdk-go"
  packages = [
    "aws",
    "aws/awserr",
    "aws/credentials",
    "aws/endpoints",
    "internal/sdkio",
    "internal/shareddefaults"
  ]
  revision = "66974140c322f22c1daaf95a18930ea6a9e4d21e"
  version = "v1.15.16"

[[projects]]
  name = "github.com/aws/aws-sdk-go-v2"
  packages = [
    "aws",
    "aws/awserr",
    "aws/defaults",
    "aws/ec2metadata",
    "aws/ec2rolecreds",
    "aws/endpointcreds",
    "aws/endpoints",
    "aws/external",
    "aws/signer/v4",
    "aws/stscreds",
    "internal/awsutil",
    "internal/sdk",
    "private/protocol",
    "private/protocol/json/jsonutil",
    "private/protocol/jsonrpc",
    "private/protocol/query",
    "private/protocol/query/queryutil",
    "private/protocol/rest",
    "private/protocol/xml/xmlutil",
    "service/secretsmanager",
    "service/sts"
  ]
  revision = "ff1a530c31507c97cf5edbee226e604ca08661cc"
  version = "v2.0.0-preview.4"

[[projects]]
  branch = "master"
  name = "github.com/drone/drone-go"
  packages = [
    "drone",
    "plugin/internal/aesgcm",
    "plugin/internal/client",
    "plugin/logger",
    "plugin/secret"
  ]
  revision = "d00b5c24549e5676acefedc4d5ef115471bf48eb"

[[projects]]
  name = "github.com/go-ini/ini"
  packages = ["."]
  revision = "358ee7663966325963d4e8b2e1fbd570c5195153"
  version = "v1.38.1"

[[projects]]
  name = "github.com/google/go-cmp"
  packages = [
    "cmp",
    "cmp/internal/diff",
    "cmp/internal/function",
    "cmp/internal/value"
  ]
  revision = "3af367b6b30c263d47e8895973edcca9a49cf029"
  version = "v0.2.0"

[[projects]]
  name = "github.com/h2non/gock"
  packages = ["."]
  revision = "4692cba4394f79372bfe85996501ad43db9d82e0"
  version = "v1.0.9"

[[projects]]
  name = "github.com/jmespath/go-jmespath"
  packages = ["."]
  revision = "0b12d6b5"

[[projects]]
  name = "github.com/joho/godotenv"
  packages = [
    ".",
    "autoload"
  ]
  revision = "a79fa1e548e2c689c241d10173efd51e5d689d5b"
  version = "v1.2.0"

[[projects]]
  name = "github.com/pkg/errors"
  packages = ["."]
  revision = "645ef00459ed84a119197bfb8d8205042c6df63d"
  version = "v0.8.0"

[[projects]]
  name = "github.com/sirupsen/logrus"
  packages = ["."]
  revision = "3e01752db0189b9157070a0e1668a620f9a85da2"
  version = "v1.0.6"

[[projects]]
  branch = "master"
  name = "golang.org/x/crypto"
  packages = ["ssh/terminal"]
  revision = "614d502a4dac94afa3a6ce146bd1736da82514c6"

[[projects]]
  branch = "master"
  name = "golang.org/x/sys"
  packages = [
    "unix",
    "windows"
  ]
  revision = "1a700e749ce29638d0bbcb531cce1094ea096bd3"

[solve-meta]
  analyzer-name = "dep"
  analyzer-version = 1
  inputs-digest = "c3ca48cc8b5be0130f62e8d1cbf733ba9308a50b3838579621045e035b5297de"
  solver-name = "gps-cdcl"
  solver-version = 1
